PODS:
  - Brick_SwiftUI (0.0.3):
    - Brick_SwiftUI/SwiftUI (= 0.0.3)
    - Brick_SwiftUI/Util (= 0.0.3)
    - Brick_SwiftUI/Wrapped (= 0.0.3)
  - Brick_SwiftUI/SwiftUI (0.0.3):
    - Brick_SwiftUI/Util
  - Brick_SwiftUI/Util (0.0.3)
  - Brick_SwiftUI/Wrapped (0.0.3):
    - Brick_SwiftUI/SwiftUI

DEPENDENCIES:
  - Brick_SwiftUI (from `../`)

EXTERNAL SOURCES:
  Brick_SwiftUI:
    :path: "../"

SPEC CHECKSUMS:
  Brick_SwiftUI: 7305816340f7d7faf744f81f52fb8d3cd87ebc35

PODFILE CHECKSUM: 8320eed278fec5e543192f0f9321e03e4aa090fc

COCOAPODS: 1.12.1
