// !$*UTF8*$!
{
	archiveVersion = 1;
	classes = {
	};
	objectVersion = 55;
	objects = {

/* Begin PBXBuildFile section */
		20F20BB923256A63B9BDBAEA /* Pods_Example.framework in Frameworks */ = {isa = PBXBuildFile; fileRef = 17092962C2D2B4BA7BA65862 /* Pods_Example.framework */; };
		6025988A2A3EE70500093705 /* BannerView.swift in Sources */ = {isa = PBXBuildFile; fileRef = 602598892A3EE70500093705 /* BannerView.swift */; };
		6025988C2A3EE8DA00093705 /* Loading.swift in Sources */ = {isa = PBXBuildFile; fileRef = 6025988B2A3EE8DA00093705 /* Loading.swift */; };
		6025988E2A3EE94300093705 /* Toast.swift in Sources */ = {isa = PBXBuildFile; fileRef = 6025988D2A3EE94300093705 /* Toast.swift */; };
		602598902A3EE9AB00093705 /* Refresh.swift in Sources */ = {isa = PBXBuildFile; fileRef = 6025988F2A3EE9AB00093705 /* Refresh.swift */; };
		813E5DCD2A3063E400BCFB99 /* PhotoPickerView.swift in Sources */ = {isa = PBXBuildFile; fileRef = 813E5DCC2A3063E400BCFB99 /* PhotoPickerView.swift */; };
		815DC61C2A0DEF5500DCE83D /* ExampleApp.swift in Sources */ = {isa = PBXBuildFile; fileRef = 815DC61B2A0DEF5500DCE83D /* ExampleApp.swift */; };
		815DC61E2A0DEF5500DCE83D /* ContentView.swift in Sources */ = {isa = PBXBuildFile; fileRef = 815DC61D2A0DEF5500DCE83D /* ContentView.swift */; };
		815DC6202A0DEF5600DCE83D /* Assets.xcassets in Resources */ = {isa = PBXBuildFile; fileRef = 815DC61F2A0DEF5600DCE83D /* Assets.xcassets */; };
		815DC6242A0DEF5600DCE83D /* Preview Assets.xcassets in Resources */ = {isa = PBXBuildFile; fileRef = 815DC6232A0DEF5600DCE83D /* Preview Assets.xcassets */; };
		81A720062A3B0DBD00A59F37 /* ScrollsView.swift in Sources */ = {isa = PBXBuildFile; fileRef = 81A720052A3B0DBD00A59F37 /* ScrollsView.swift */; };
		81A720082A3B133500A59F37 /* QuicklookView.swift in Sources */ = {isa = PBXBuildFile; fileRef = 81A720072A3B133500A59F37 /* QuicklookView.swift */; };
		81A7200A2A3B13BF00A59F37 /* BadgeView.swift in Sources */ = {isa = PBXBuildFile; fileRef = 81A720092A3B13BF00A59F37 /* BadgeView.swift */; };
		81A7200C2A3B148100A59F37 /* SafeAreaPaddingView.swift in Sources */ = {isa = PBXBuildFile; fileRef = 81A7200B2A3B148100A59F37 /* SafeAreaPaddingView.swift */; };
		81A7200E2A3B168000A59F37 /* PresentationView.swift in Sources */ = {isa = PBXBuildFile; fileRef = 81A7200D2A3B168000A59F37 /* PresentationView.swift */; };
		81A720142A3B1E4100A59F37 /* FocusStateView.swift in Sources */ = {isa = PBXBuildFile; fileRef = 81A720132A3B1E4100A59F37 /* FocusStateView.swift */; };
		81A720162A3B208E00A59F37 /* AnimationCompleted.swift in Sources */ = {isa = PBXBuildFile; fileRef = 81A720152A3B208E00A59F37 /* AnimationCompleted.swift */; };
		81A720182A3B22C200A59F37 /* DrrkModelView.swift in Sources */ = {isa = PBXBuildFile; fileRef = 81A720172A3B22C200A59F37 /* DrrkModelView.swift */; };
		81D9458D2A33173A000E3496 /* AsyncImageView.swift in Sources */ = {isa = PBXBuildFile; fileRef = 81D9458C2A33173A000E3496 /* AsyncImageView.swift */; };
		81D9458F2A331CF1000E3496 /* SwiftUIView.swift in Sources */ = {isa = PBXBuildFile; fileRef = 81D9458E2A331CF1000E3496 /* SwiftUIView.swift */; };
		81D9459C2A36CCDE000E3496 /* OpenURLView.swift in Sources */ = {isa = PBXBuildFile; fileRef = 81D9459B2A36CCDE000E3496 /* OpenURLView.swift */; };
		81D9459E2A36CD68000E3496 /* ShareLinkView.swift in Sources */ = {isa = PBXBuildFile; fileRef = 81D9459D2A36CD68000E3496 /* ShareLinkView.swift */; };
		81D945A52A36FB56000E3496 /* 2.jpg in Resources */ = {isa = PBXBuildFile; fileRef = 81D945A22A36FB56000E3496 /* 2.jpg */; };
		81D945A62A36FB56000E3496 /* 3.jpg in Resources */ = {isa = PBXBuildFile; fileRef = 81D945A32A36FB56000E3496 /* 3.jpg */; };
		81D945A72A36FB56000E3496 /* 1.jpg in Resources */ = {isa = PBXBuildFile; fileRef = 81D945A42A36FB56000E3496 /* 1.jpg */; };
		81D945A92A370259000E3496 /* NavigationStack.swift in Sources */ = {isa = PBXBuildFile; fileRef = 81D945A82A370259000E3496 /* NavigationStack.swift */; };
/* End PBXBuildFile section */

/* Begin PBXFileReference section */
		17092962C2D2B4BA7BA65862 /* Pods_Example.framework */ = {isa = PBXFileReference; explicitFileType = wrapper.framework; includeInIndex = 0; path = Pods_Example.framework; sourceTree = BUILT_PRODUCTS_DIR; };
		602598892A3EE70500093705 /* BannerView.swift */ = {isa = PBXFileReference; lastKnownFileType = sourcecode.swift; path = BannerView.swift; sourceTree = "<group>"; };
		6025988B2A3EE8DA00093705 /* Loading.swift */ = {isa = PBXFileReference; lastKnownFileType = sourcecode.swift; path = Loading.swift; sourceTree = "<group>"; };
		6025988D2A3EE94300093705 /* Toast.swift */ = {isa = PBXFileReference; lastKnownFileType = sourcecode.swift; path = Toast.swift; sourceTree = "<group>"; };
		6025988F2A3EE9AB00093705 /* Refresh.swift */ = {isa = PBXFileReference; lastKnownFileType = sourcecode.swift; path = Refresh.swift; sourceTree = "<group>"; };
		6B32BA01FE909F36ACB5A963 /* Pods-Example.debug.xcconfig */ = {isa = PBXFileReference; includeInIndex = 1; lastKnownFileType = text.xcconfig; name = "Pods-Example.debug.xcconfig"; path = "Target Support Files/Pods-Example/Pods-Example.debug.xcconfig"; sourceTree = "<group>"; };
		813E5DCC2A3063E400BCFB99 /* PhotoPickerView.swift */ = {isa = PBXFileReference; lastKnownFileType = sourcecode.swift; path = PhotoPickerView.swift; sourceTree = "<group>"; };
		815DC6182A0DEF5500DCE83D /* Example.app */ = {isa = PBXFileReference; explicitFileType = wrapper.application; includeInIndex = 0; path = Example.app; sourceTree = BUILT_PRODUCTS_DIR; };
		815DC61B2A0DEF5500DCE83D /* ExampleApp.swift */ = {isa = PBXFileReference; lastKnownFileType = sourcecode.swift; path = ExampleApp.swift; sourceTree = "<group>"; };
		815DC61D2A0DEF5500DCE83D /* ContentView.swift */ = {isa = PBXFileReference; lastKnownFileType = sourcecode.swift; path = ContentView.swift; sourceTree = "<group>"; };
		815DC61F2A0DEF5600DCE83D /* Assets.xcassets */ = {isa = PBXFileReference; lastKnownFileType = folder.assetcatalog; path = Assets.xcassets; sourceTree = "<group>"; };
		815DC6212A0DEF5600DCE83D /* Brick_SwiftUI.entitlements */ = {isa = PBXFileReference; lastKnownFileType = text.plist.entitlements; path = Brick_SwiftUI.entitlements; sourceTree = "<group>"; };
		815DC6232A0DEF5600DCE83D /* Preview Assets.xcassets */ = {isa = PBXFileReference; lastKnownFileType = folder.assetcatalog; path = "Preview Assets.xcassets"; sourceTree = "<group>"; };
		815DC6772A0E3DE100DCE83D /* Example-Info.plist */ = {isa = PBXFileReference; lastKnownFileType = text.plist.xml; path = "Example-Info.plist"; sourceTree = "<group>"; };
		81A720052A3B0DBD00A59F37 /* ScrollsView.swift */ = {isa = PBXFileReference; lastKnownFileType = sourcecode.swift; path = ScrollsView.swift; sourceTree = "<group>"; };
		81A720072A3B133500A59F37 /* QuicklookView.swift */ = {isa = PBXFileReference; lastKnownFileType = sourcecode.swift; path = QuicklookView.swift; sourceTree = "<group>"; };
		81A720092A3B13BF00A59F37 /* BadgeView.swift */ = {isa = PBXFileReference; lastKnownFileType = sourcecode.swift; path = BadgeView.swift; sourceTree = "<group>"; };
		81A7200B2A3B148100A59F37 /* SafeAreaPaddingView.swift */ = {isa = PBXFileReference; lastKnownFileType = sourcecode.swift; path = SafeAreaPaddingView.swift; sourceTree = "<group>"; };
		81A7200D2A3B168000A59F37 /* PresentationView.swift */ = {isa = PBXFileReference; fileEncoding = 4; lastKnownFileType = sourcecode.swift; path = PresentationView.swift; sourceTree = "<group>"; };
		81A720132A3B1E4100A59F37 /* FocusStateView.swift */ = {isa = PBXFileReference; fileEncoding = 4; lastKnownFileType = sourcecode.swift; path = FocusStateView.swift; sourceTree = "<group>"; };
		81A720152A3B208E00A59F37 /* AnimationCompleted.swift */ = {isa = PBXFileReference; lastKnownFileType = sourcecode.swift; path = AnimationCompleted.swift; sourceTree = "<group>"; };
		81A720172A3B22C200A59F37 /* DrrkModelView.swift */ = {isa = PBXFileReference; lastKnownFileType = sourcecode.swift; path = DrrkModelView.swift; sourceTree = "<group>"; };
		81D9458C2A33173A000E3496 /* AsyncImageView.swift */ = {isa = PBXFileReference; lastKnownFileType = sourcecode.swift; path = AsyncImageView.swift; sourceTree = "<group>"; };
		81D9458E2A331CF1000E3496 /* SwiftUIView.swift */ = {isa = PBXFileReference; lastKnownFileType = sourcecode.swift; path = SwiftUIView.swift; sourceTree = "<group>"; };
		81D9459B2A36CCDE000E3496 /* OpenURLView.swift */ = {isa = PBXFileReference; lastKnownFileType = sourcecode.swift; path = OpenURLView.swift; sourceTree = "<group>"; };
		81D9459D2A36CD68000E3496 /* ShareLinkView.swift */ = {isa = PBXFileReference; lastKnownFileType = sourcecode.swift; path = ShareLinkView.swift; sourceTree = "<group>"; };
		81D945A22A36FB56000E3496 /* 2.jpg */ = {isa = PBXFileReference; lastKnownFileType = image.jpeg; path = 2.jpg; sourceTree = "<group>"; };
		81D945A32A36FB56000E3496 /* 3.jpg */ = {isa = PBXFileReference; lastKnownFileType = image.jpeg; path = 3.jpg; sourceTree = "<group>"; };
		81D945A42A36FB56000E3496 /* 1.jpg */ = {isa = PBXFileReference; lastKnownFileType = image.jpeg; path = 1.jpg; sourceTree = "<group>"; };
		81D945A82A370259000E3496 /* NavigationStack.swift */ = {isa = PBXFileReference; lastKnownFileType = sourcecode.swift; path = NavigationStack.swift; sourceTree = "<group>"; };
		C49C55772795767556BB3BA7 /* Pods-Example.release.xcconfig */ = {isa = PBXFileReference; includeInIndex = 1; lastKnownFileType = text.xcconfig; name = "Pods-Example.release.xcconfig"; path = "Target Support Files/Pods-Example/Pods-Example.release.xcconfig"; sourceTree = "<group>"; };
/* End PBXFileReference section */

/* Begin PBXFrameworksBuildPhase section */
		815DC6152A0DEF5500DCE83D /* Frameworks */ = {
			isa = PBXFrameworksBuildPhase;
			buildActionMask = 2147483647;
			files = (
				20F20BB923256A63B9BDBAEA /* Pods_Example.framework in Frameworks */,
			);
			runOnlyForDeploymentPostprocessing = 0;
		};
/* End PBXFrameworksBuildPhase section */

/* Begin PBXGroup section */
		56DB61DEE1458A8C1384F84E /* Frameworks */ = {
			isa = PBXGroup;
			children = (
				17092962C2D2B4BA7BA65862 /* Pods_Example.framework */,
			);
			name = Frameworks;
			sourceTree = "<group>";
		};
		815DC60F2A0DEF5500DCE83D = {
			isa = PBXGroup;
			children = (
				815DC6772A0E3DE100DCE83D /* Example-Info.plist */,
				815DC61A2A0DEF5500DCE83D /* Brick_SwiftUI */,
				815DC6192A0DEF5500DCE83D /* Products */,
				AFD107FE84A0BBAB195FD438 /* Pods */,
				56DB61DEE1458A8C1384F84E /* Frameworks */,
			);
			sourceTree = "<group>";
		};
		815DC6192A0DEF5500DCE83D /* Products */ = {
			isa = PBXGroup;
			children = (
				815DC6182A0DEF5500DCE83D /* Example.app */,
			);
			name = Products;
			sourceTree = "<group>";
		};
		815DC61A2A0DEF5500DCE83D /* Brick_SwiftUI */ = {
			isa = PBXGroup;
			children = (
				81D945A12A36FB56000E3496 /* Images */,
				815DC61B2A0DEF5500DCE83D /* ExampleApp.swift */,
				815DC61D2A0DEF5500DCE83D /* ContentView.swift */,
				81D945A82A370259000E3496 /* NavigationStack.swift */,
				81D9459D2A36CD68000E3496 /* ShareLinkView.swift */,
				81D9459B2A36CCDE000E3496 /* OpenURLView.swift */,
				813E5DCC2A3063E400BCFB99 /* PhotoPickerView.swift */,
				81D9458C2A33173A000E3496 /* AsyncImageView.swift */,
				81A720052A3B0DBD00A59F37 /* ScrollsView.swift */,
				81A7200D2A3B168000A59F37 /* PresentationView.swift */,
				81A720072A3B133500A59F37 /* QuicklookView.swift */,
				81A720152A3B208E00A59F37 /* AnimationCompleted.swift */,
				81A7200B2A3B148100A59F37 /* SafeAreaPaddingView.swift */,
				602598892A3EE70500093705 /* BannerView.swift */,
				6025988B2A3EE8DA00093705 /* Loading.swift */,
				6025988D2A3EE94300093705 /* Toast.swift */,
				6025988F2A3EE9AB00093705 /* Refresh.swift */,
				81A720132A3B1E4100A59F37 /* FocusStateView.swift */,
				81A720092A3B13BF00A59F37 /* BadgeView.swift */,
				81A720172A3B22C200A59F37 /* DrrkModelView.swift */,
				81D9458E2A331CF1000E3496 /* SwiftUIView.swift */,
				815DC61F2A0DEF5600DCE83D /* Assets.xcassets */,
				815DC6212A0DEF5600DCE83D /* Brick_SwiftUI.entitlements */,
				815DC6222A0DEF5600DCE83D /* Preview Content */,
			);
			path = Brick_SwiftUI;
			sourceTree = "<group>";
		};
		815DC6222A0DEF5600DCE83D /* Preview Content */ = {
			isa = PBXGroup;
			children = (
				815DC6232A0DEF5600DCE83D /* Preview Assets.xcassets */,
			);
			path = "Preview Content";
			sourceTree = "<group>";
		};
		81D945A12A36FB56000E3496 /* Images */ = {
			isa = PBXGroup;
			children = (
				81D945A22A36FB56000E3496 /* 2.jpg */,
				81D945A32A36FB56000E3496 /* 3.jpg */,
				81D945A42A36FB56000E3496 /* 1.jpg */,
			);
			path = Images;
			sourceTree = "<group>";
		};
		AFD107FE84A0BBAB195FD438 /* Pods */ = {
			isa = PBXGroup;
			children = (
				6B32BA01FE909F36ACB5A963 /* Pods-Example.debug.xcconfig */,
				C49C55772795767556BB3BA7 /* Pods-Example.release.xcconfig */,
			);
			path = Pods;
			sourceTree = "<group>";
		};
/* End PBXGroup section */

/* Begin PBXNativeTarget section */
		815DC6172A0DEF5500DCE83D /* Example */ = {
			isa = PBXNativeTarget;
			buildConfigurationList = 815DC6272A0DEF5600DCE83D /* Build configuration list for PBXNativeTarget "Example" */;
			buildPhases = (
				C08393EB380726066601B74D /* [CP] Check Pods Manifest.lock */,
				815DC6142A0DEF5500DCE83D /* Sources */,
				815DC6152A0DEF5500DCE83D /* Frameworks */,
				815DC6162A0DEF5500DCE83D /* Resources */,
				B252FDF0058AEDA128747C55 /* [CP] Embed Pods Frameworks */,
			);
			buildRules = (
			);
			dependencies = (
			);
			name = Example;
			productName = Brick_SwiftUI;
			productReference = 815DC6182A0DEF5500DCE83D /* Example.app */;
			productType = "com.apple.product-type.application";
		};
/* End PBXNativeTarget section */

/* Begin PBXProject section */
		815DC6102A0DEF5500DCE83D /* Project object */ = {
			isa = PBXProject;
			attributes = {
				BuildIndependentTargetsInParallel = 1;
				LastSwiftUpdateCheck = 1420;
				LastUpgradeCheck = 1420;
				TargetAttributes = {
					815DC6172A0DEF5500DCE83D = {
						CreatedOnToolsVersion = 14.2;
					};
				};
			};
			buildConfigurationList = 815DC6132A0DEF5500DCE83D /* Build configuration list for PBXProject "Brick_SwiftUI" */;
			compatibilityVersion = "Xcode 13.0";
			developmentRegion = en;
			hasScannedForEncodings = 0;
			knownRegions = (
				en,
				Base,
			);
			mainGroup = 815DC60F2A0DEF5500DCE83D;
			productRefGroup = 815DC6192A0DEF5500DCE83D /* Products */;
			projectDirPath = "";
			projectRoot = "";
			targets = (
				815DC6172A0DEF5500DCE83D /* Example */,
			);
		};
/* End PBXProject section */

/* Begin PBXResourcesBuildPhase section */
		815DC6162A0DEF5500DCE83D /* Resources */ = {
			isa = PBXResourcesBuildPhase;
			buildActionMask = 2147483647;
			files = (
				81D945A52A36FB56000E3496 /* 2.jpg in Resources */,
				815DC6242A0DEF5600DCE83D /* Preview Assets.xcassets in Resources */,
				815DC6202A0DEF5600DCE83D /* Assets.xcassets in Resources */,
				81D945A62A36FB56000E3496 /* 3.jpg in Resources */,
				81D945A72A36FB56000E3496 /* 1.jpg in Resources */,
			);
			runOnlyForDeploymentPostprocessing = 0;
		};
/* End PBXResourcesBuildPhase section */

/* Begin PBXShellScriptBuildPhase section */
		B252FDF0058AEDA128747C55 /* [CP] Embed Pods Frameworks */ = {
			isa = PBXShellScriptBuildPhase;
			buildActionMask = 2147483647;
			files = (
			);
			inputFileListPaths = (
				"${PODS_ROOT}/Target Support Files/Pods-Example/Pods-Example-frameworks-${CONFIGURATION}-input-files.xcfilelist",
			);
			name = "[CP] Embed Pods Frameworks";
			outputFileListPaths = (
				"${PODS_ROOT}/Target Support Files/Pods-Example/Pods-Example-frameworks-${CONFIGURATION}-output-files.xcfilelist",
			);
			runOnlyForDeploymentPostprocessing = 0;
			shellPath = /bin/sh;
			shellScript = "\"${PODS_ROOT}/Target Support Files/Pods-Example/Pods-Example-frameworks.sh\"\n";
			showEnvVarsInLog = 0;
		};
		C08393EB380726066601B74D /* [CP] Check Pods Manifest.lock */ = {
			isa = PBXShellScriptBuildPhase;
			buildActionMask = 2147483647;
			files = (
			);
			inputFileListPaths = (
			);
			inputPaths = (
				"${PODS_PODFILE_DIR_PATH}/Podfile.lock",
				"${PODS_ROOT}/Manifest.lock",
			);
			name = "[CP] Check Pods Manifest.lock";
			outputFileListPaths = (
			);
			outputPaths = (
				"$(DERIVED_FILE_DIR)/Pods-Example-checkManifestLockResult.txt",
			);
			runOnlyForDeploymentPostprocessing = 0;
			shellPath = /bin/sh;
			shellScript = "diff \"${PODS_PODFILE_DIR_PATH}/Podfile.lock\" \"${PODS_ROOT}/Manifest.lock\" > /dev/null\nif [ $? != 0 ] ; then\n    # print error to STDERR\n    echo \"error: The sandbox is not in sync with the Podfile.lock. Run 'pod install' or update your CocoaPods installation.\" >&2\n    exit 1\nfi\n# This output is used by Xcode 'outputs' to avoid re-running this script phase.\necho \"SUCCESS\" > \"${SCRIPT_OUTPUT_FILE_0}\"\n";
			showEnvVarsInLog = 0;
		};
/* End PBXShellScriptBuildPhase section */

/* Begin PBXSourcesBuildPhase section */
		815DC6142A0DEF5500DCE83D /* Sources */ = {
			isa = PBXSourcesBuildPhase;
			buildActionMask = 2147483647;
			files = (
				81D9458D2A33173A000E3496 /* AsyncImageView.swift in Sources */,
				815DC61E2A0DEF5500DCE83D /* ContentView.swift in Sources */,
				81A7200A2A3B13BF00A59F37 /* BadgeView.swift in Sources */,
				6025988E2A3EE94300093705 /* Toast.swift in Sources */,
				81A7200E2A3B168000A59F37 /* PresentationView.swift in Sources */,
				81A720142A3B1E4100A59F37 /* FocusStateView.swift in Sources */,
				81A720162A3B208E00A59F37 /* AnimationCompleted.swift in Sources */,
				602598902A3EE9AB00093705 /* Refresh.swift in Sources */,
				81A7200C2A3B148100A59F37 /* SafeAreaPaddingView.swift in Sources */,
				813E5DCD2A3063E400BCFB99 /* PhotoPickerView.swift in Sources */,
				815DC61C2A0DEF5500DCE83D /* ExampleApp.swift in Sources */,
				81A720082A3B133500A59F37 /* QuicklookView.swift in Sources */,
				6025988C2A3EE8DA00093705 /* Loading.swift in Sources */,
				81D9459C2A36CCDE000E3496 /* OpenURLView.swift in Sources */,
				81D9458F2A331CF1000E3496 /* SwiftUIView.swift in Sources */,
				81A720062A3B0DBD00A59F37 /* ScrollsView.swift in Sources */,
				81A720182A3B22C200A59F37 /* DrrkModelView.swift in Sources */,
				81D945A92A370259000E3496 /* NavigationStack.swift in Sources */,
				6025988A2A3EE70500093705 /* BannerView.swift in Sources */,
				81D9459E2A36CD68000E3496 /* ShareLinkView.swift in Sources */,
			);
			runOnlyForDeploymentPostprocessing = 0;
		};
/* End PBXSourcesBuildPhase section */

/* Begin XCBuildConfiguration section */
		815DC6252A0DEF5600DCE83D /* Debug */ = {
			isa = XCBuildConfiguration;
			buildSettings = {
				ALWAYS_SEARCH_USER_PATHS = NO;
				CLANG_ANALYZER_NONNULL = YES;
				CLANG_ANALYZER_NUMBER_OBJECT_CONVERSION = YES_AGGRESSIVE;
				CLANG_CXX_LANGUAGE_STANDARD = "gnu++20";
				CLANG_ENABLE_MODULES = YES;
				CLANG_ENABLE_OBJC_ARC = YES;
				CLANG_ENABLE_OBJC_WEAK = YES;
				CLANG_WARN_BLOCK_CAPTURE_AUTORELEASING = YES;
				CLANG_WARN_BOOL_CONVERSION = YES;
				CLANG_WARN_COMMA = YES;
				CLANG_WARN_CONSTANT_CONVERSION = YES;
				CLANG_WARN_DEPRECATED_OBJC_IMPLEMENTATIONS = YES;
				CLANG_WARN_DIRECT_OBJC_ISA_USAGE = YES_ERROR;
				CLANG_WARN_DOCUMENTATION_COMMENTS = YES;
				CLANG_WARN_EMPTY_BODY = YES;
				CLANG_WARN_ENUM_CONVERSION = YES;
				CLANG_WARN_INFINITE_RECURSION = YES;
				CLANG_WARN_INT_CONVERSION = YES;
				CLANG_WARN_NON_LITERAL_NULL_CONVERSION = YES;
				CLANG_WARN_OBJC_IMPLICIT_RETAIN_SELF = YES;
				CLANG_WARN_OBJC_LITERAL_CONVERSION = YES;
				CLANG_WARN_OBJC_ROOT_CLASS = YES_ERROR;
				CLANG_WARN_QUOTED_INCLUDE_IN_FRAMEWORK_HEADER = YES;
				CLANG_WARN_RANGE_LOOP_ANALYSIS = YES;
				CLANG_WARN_STRICT_PROTOTYPES = YES;
				CLANG_WARN_SUSPICIOUS_MOVE = YES;
				CLANG_WARN_UNGUARDED_AVAILABILITY = YES_AGGRESSIVE;
				CLANG_WARN_UNREACHABLE_CODE = YES;
				CLANG_WARN__DUPLICATE_METHOD_MATCH = YES;
				COPY_PHASE_STRIP = NO;
				DEBUG_INFORMATION_FORMAT = dwarf;
				ENABLE_STRICT_OBJC_MSGSEND = YES;
				ENABLE_TESTABILITY = YES;
				GCC_C_LANGUAGE_STANDARD = gnu11;
				GCC_DYNAMIC_NO_PIC = NO;
				GCC_NO_COMMON_BLOCKS = YES;
				GCC_OPTIMIZATION_LEVEL = 0;
				GCC_PREPROCESSOR_DEFINITIONS = (
					"DEBUG=1",
					"$(inherited)",
				);
				GCC_WARN_64_TO_32_BIT_CONVERSION = YES;
				GCC_WARN_ABOUT_RETURN_TYPE = YES_ERROR;
				GCC_WARN_UNDECLARED_SELECTOR = YES;
				GCC_WARN_UNINITIALIZED_AUTOS = YES_AGGRESSIVE;
				GCC_WARN_UNUSED_FUNCTION = YES;
				GCC_WARN_UNUSED_VARIABLE = YES;
				IPHONEOS_DEPLOYMENT_TARGET = 14.0;
				MACOSX_DEPLOYMENT_TARGET = 11.0;
				MTL_ENABLE_DEBUG_INFO = INCLUDE_SOURCE;
				MTL_FAST_MATH = YES;
				ONLY_ACTIVE_ARCH = YES;
				SWIFT_ACTIVE_COMPILATION_CONDITIONS = DEBUG;
				SWIFT_OPTIMIZATION_LEVEL = "-Onone";
			};
			name = Debug;
		};
		815DC6262A0DEF5600DCE83D /* Release */ = {
			isa = XCBuildConfiguration;
			buildSettings = {
				ALWAYS_SEARCH_USER_PATHS = NO;
				CLANG_ANALYZER_NONNULL = YES;
				CLANG_ANALYZER_NUMBER_OBJECT_CONVERSION = YES_AGGRESSIVE;
				CLANG_CXX_LANGUAGE_STANDARD = "gnu++20";
				CLANG_ENABLE_MODULES = YES;
				CLANG_ENABLE_OBJC_ARC = YES;
				CLANG_ENABLE_OBJC_WEAK = YES;
				CLANG_WARN_BLOCK_CAPTURE_AUTORELEASING = YES;
				CLANG_WARN_BOOL_CONVERSION = YES;
				CLANG_WARN_COMMA = YES;
				CLANG_WARN_CONSTANT_CONVERSION = YES;
				CLANG_WARN_DEPRECATED_OBJC_IMPLEMENTATIONS = YES;
				CLANG_WARN_DIRECT_OBJC_ISA_USAGE = YES_ERROR;
				CLANG_WARN_DOCUMENTATION_COMMENTS = YES;
				CLANG_WARN_EMPTY_BODY = YES;
				CLANG_WARN_ENUM_CONVERSION = YES;
				CLANG_WARN_INFINITE_RECURSION = YES;
				CLANG_WARN_INT_CONVERSION = YES;
				CLANG_WARN_NON_LITERAL_NULL_CONVERSION = YES;
				CLANG_WARN_OBJC_IMPLICIT_RETAIN_SELF = YES;
				CLANG_WARN_OBJC_LITERAL_CONVERSION = YES;
				CLANG_WARN_OBJC_ROOT_CLASS = YES_ERROR;
				CLANG_WARN_QUOTED_INCLUDE_IN_FRAMEWORK_HEADER = YES;
				CLANG_WARN_RANGE_LOOP_ANALYSIS = YES;
				CLANG_WARN_STRICT_PROTOTYPES = YES;
				CLANG_WARN_SUSPICIOUS_MOVE = YES;
				CLANG_WARN_UNGUARDED_AVAILABILITY = YES_AGGRESSIVE;
				CLANG_WARN_UNREACHABLE_CODE = YES;
				CLANG_WARN__DUPLICATE_METHOD_MATCH = YES;
				COPY_PHASE_STRIP = NO;
				DEBUG_INFORMATION_FORMAT = "dwarf-with-dsym";
				ENABLE_NS_ASSERTIONS = NO;
				ENABLE_STRICT_OBJC_MSGSEND = YES;
				GCC_C_LANGUAGE_STANDARD = gnu11;
				GCC_NO_COMMON_BLOCKS = YES;
				GCC_WARN_64_TO_32_BIT_CONVERSION = YES;
				GCC_WARN_ABOUT_RETURN_TYPE = YES_ERROR;
				GCC_WARN_UNDECLARED_SELECTOR = YES;
				GCC_WARN_UNINITIALIZED_AUTOS = YES_AGGRESSIVE;
				GCC_WARN_UNUSED_FUNCTION = YES;
				GCC_WARN_UNUSED_VARIABLE = YES;
				IPHONEOS_DEPLOYMENT_TARGET = 14.0;
				MACOSX_DEPLOYMENT_TARGET = 11.0;
				MTL_ENABLE_DEBUG_INFO = NO;
				MTL_FAST_MATH = YES;
				SWIFT_COMPILATION_MODE = wholemodule;
				SWIFT_OPTIMIZATION_LEVEL = "-O";
			};
			name = Release;
		};
		815DC6282A0DEF5600DCE83D /* Debug */ = {
			isa = XCBuildConfiguration;
			baseConfigurationReference = 6B32BA01FE909F36ACB5A963 /* Pods-Example.debug.xcconfig */;
			buildSettings = {
				ASSETCATALOG_COMPILER_APPICON_NAME = AppIcon;
				ASSETCATALOG_COMPILER_GLOBAL_ACCENT_COLOR_NAME = AccentColor;
				CODE_SIGN_ENTITLEMENTS = Brick_SwiftUI/Brick_SwiftUI.entitlements;
				"CODE_SIGN_IDENTITY[sdk=macosx*]" = "-";
				CODE_SIGN_STYLE = Automatic;
				CURRENT_Brick_SwiftUI_VERSION = 1;
				CURRENT_PROJECT_VERSION = 1;
				DEVELOPMENT_ASSET_PATHS = "\"Brick_SwiftUI/Preview Content\"";
				DEVELOPMENT_TEAM = V449PCJD34;
				ENABLE_PREVIEWS = YES;
				GENERATE_INFOPLIST_FILE = YES;
				INFOPLIST_FILE = "Example-Info.plist";
				INFOPLIST_KEY_CFBundleDisplayName = Camera;
				INFOPLIST_KEY_NSCameraUsageDescription = "访问您的相机权限,用于聊天使用";
				INFOPLIST_KEY_NSPhotoLibraryAddUsageDescription = "需要您的同意,才能访问媒体资料库,用于上传头像和图片";
				INFOPLIST_KEY_NSPhotoLibraryUsageDescription = "需要您的同意,才能访问媒体资料库,用于上传头像和图片";
				"INFOPLIST_KEY_UIApplicationSceneManifest_Generation[sdk=iphoneos*]" = YES;
				"INFOPLIST_KEY_UIApplicationSceneManifest_Generation[sdk=iphonesimulator*]" = YES;
				"INFOPLIST_KEY_UIApplicationSupportsIndirectInputEvents[sdk=iphoneos*]" = YES;
				"INFOPLIST_KEY_UIApplicationSupportsIndirectInputEvents[sdk=iphonesimulator*]" = YES;
				"INFOPLIST_KEY_UILaunchScreen_Generation[sdk=iphoneos*]" = YES;
				"INFOPLIST_KEY_UILaunchScreen_Generation[sdk=iphonesimulator*]" = YES;
				"INFOPLIST_KEY_UIStatusBarStyle[sdk=iphoneos*]" = UIStatusBarStyleDefault;
				"INFOPLIST_KEY_UIStatusBarStyle[sdk=iphonesimulator*]" = UIStatusBarStyleDefault;
				INFOPLIST_KEY_UISupportedInterfaceOrientations_iPad = "UIInterfaceOrientationPortrait UIInterfaceOrientationPortraitUpsideDown UIInterfaceOrientationLandscapeLeft UIInterfaceOrientationLandscapeRight";
				INFOPLIST_KEY_UISupportedInterfaceOrientations_iPhone = "UIInterfaceOrientationPortrait UIInterfaceOrientationLandscapeLeft UIInterfaceOrientationLandscapeRight";
				IPHONEOS_DEPLOYMENT_TARGET = 14.0;
				LD_RUNPATH_SEARCH_PATHS = "@executable_path/Frameworks";
				"LD_RUNPATH_SEARCH_PATHS[sdk=macosx*]" = "@executable_path/../Frameworks";
				MACOSX_DEPLOYMENT_TARGET = 11.0;
				MARKETING_VERSION = 1.0.0;
				PRODUCT_BUNDLE_IDENTIFIER = com.chat.muma1;
				PRODUCT_NAME = "$(TARGET_NAME)";
				SDKROOT = auto;
				SUPPORTED_PLATFORMS = "iphoneos iphonesimulator macosx";
				SWIFT_EMIT_LOC_STRINGS = YES;
				SWIFT_VERSION = 5.0;
				TARGETED_DEVICE_FAMILY = "1,2";
			};
			name = Debug;
		};
		815DC6292A0DEF5600DCE83D /* Release */ = {
			isa = XCBuildConfiguration;
			baseConfigurationReference = C49C55772795767556BB3BA7 /* Pods-Example.release.xcconfig */;
			buildSettings = {
				ASSETCATALOG_COMPILER_APPICON_NAME = AppIcon;
				ASSETCATALOG_COMPILER_GLOBAL_ACCENT_COLOR_NAME = AccentColor;
				CODE_SIGN_ENTITLEMENTS = Brick_SwiftUI/Brick_SwiftUI.entitlements;
				"CODE_SIGN_IDENTITY[sdk=macosx*]" = "-";
				CODE_SIGN_STYLE = Automatic;
				CURRENT_Brick_SwiftUI_VERSION = 1;
				CURRENT_PROJECT_VERSION = 1;
				DEVELOPMENT_ASSET_PATHS = "\"Brick_SwiftUI/Preview Content\"";
				DEVELOPMENT_TEAM = V449PCJD34;
				ENABLE_PREVIEWS = YES;
				GENERATE_INFOPLIST_FILE = YES;
				INFOPLIST_FILE = "Example-Info.plist";
				INFOPLIST_KEY_CFBundleDisplayName = Camera;
				INFOPLIST_KEY_NSCameraUsageDescription = "访问您的相机权限,用于聊天使用";
				INFOPLIST_KEY_NSPhotoLibraryAddUsageDescription = "需要您的同意,才能访问媒体资料库,用于上传头像和图片";
				INFOPLIST_KEY_NSPhotoLibraryUsageDescription = "需要您的同意,才能访问媒体资料库,用于上传头像和图片";
				"INFOPLIST_KEY_UIApplicationSceneManifest_Generation[sdk=iphoneos*]" = YES;
				"INFOPLIST_KEY_UIApplicationSceneManifest_Generation[sdk=iphonesimulator*]" = YES;
				"INFOPLIST_KEY_UIApplicationSupportsIndirectInputEvents[sdk=iphoneos*]" = YES;
				"INFOPLIST_KEY_UIApplicationSupportsIndirectInputEvents[sdk=iphonesimulator*]" = YES;
				"INFOPLIST_KEY_UILaunchScreen_Generation[sdk=iphoneos*]" = YES;
				"INFOPLIST_KEY_UILaunchScreen_Generation[sdk=iphonesimulator*]" = YES;
				"INFOPLIST_KEY_UIStatusBarStyle[sdk=iphoneos*]" = UIStatusBarStyleDefault;
				"INFOPLIST_KEY_UIStatusBarStyle[sdk=iphonesimulator*]" = UIStatusBarStyleDefault;
				INFOPLIST_KEY_UISupportedInterfaceOrientations_iPad = "UIInterfaceOrientationPortrait UIInterfaceOrientationPortraitUpsideDown UIInterfaceOrientationLandscapeLeft UIInterfaceOrientationLandscapeRight";
				INFOPLIST_KEY_UISupportedInterfaceOrientations_iPhone = "UIInterfaceOrientationPortrait UIInterfaceOrientationLandscapeLeft UIInterfaceOrientationLandscapeRight";
				IPHONEOS_DEPLOYMENT_TARGET = 14.0;
				LD_RUNPATH_SEARCH_PATHS = "@executable_path/Frameworks";
				"LD_RUNPATH_SEARCH_PATHS[sdk=macosx*]" = "@executable_path/../Frameworks";
				MACOSX_DEPLOYMENT_TARGET = 11.0;
				MARKETING_VERSION = 1.0.0;
				PRODUCT_BUNDLE_IDENTIFIER = com.chat.muma1;
				PRODUCT_NAME = "$(TARGET_NAME)";
				SDKROOT = auto;
				SUPPORTED_PLATFORMS = "iphoneos iphonesimulator macosx";
				SWIFT_EMIT_LOC_STRINGS = YES;
				SWIFT_VERSION = 5.0;
				TARGETED_DEVICE_FAMILY = "1,2";
			};
			name = Release;
		};
/* End XCBuildConfiguration section */

/* Begin XCConfigurationList section */
		815DC6132A0DEF5500DCE83D /* Build configuration list for PBXProject "Brick_SwiftUI" */ = {
			isa = XCConfigurationList;
			buildConfigurations = (
				815DC6252A0DEF5600DCE83D /* Debug */,
				815DC6262A0DEF5600DCE83D /* Release */,
			);
			defaultConfigurationIsVisible = 0;
			defaultConfigurationName = Release;
		};
		815DC6272A0DEF5600DCE83D /* Build configuration list for PBXNativeTarget "Example" */ = {
			isa = XCConfigurationList;
			buildConfigurations = (
				815DC6282A0DEF5600DCE83D /* Debug */,
				815DC6292A0DEF5600DCE83D /* Release */,
			);
			defaultConfigurationIsVisible = 0;
			defaultConfigurationName = Release;
		};
/* End XCConfigurationList section */
	};
	rootObject = 815DC6102A0DEF5500DCE83D /* Project object */;
}
