// !$*UTF8*$!
{
	archiveVersion = 1;
	classes = {
	};
	objectVersion = 56;
	objects = {

/* Begin PBXBuildFile section */
		60276C772CE4823F0071BAA9 /* FourthView.swift in Sources */ = {isa = PBXBuildFile; fileRef = 60276C762CE4823F0071BAA9 /* FourthView.swift */; };
		608162752A5D8E360083DE04 /* DemoView.swift in Sources */ = {isa = PBXBuildFile; fileRef = 608162742A5D8E360083DE04 /* DemoView.swift */; };
		608162772A5D91660083DE04 /* TabbarView.swift in Sources */ = {isa = PBXBuildFile; fileRef = 608162762A5D91660083DE04 /* TabbarView.swift */; };
		81156A122A4842430089C52D /* DemoApp.swift in Sources */ = {isa = PBXBuildFile; fileRef = 81156A112A4842430089C52D /* DemoApp.swift */; };
		81156A142A4842430089C52D /* ContentView.swift in Sources */ = {isa = PBXBuildFile; fileRef = 81156A132A4842430089C52D /* ContentView.swift */; };
		81156A162A4842450089C52D /* Assets.xcassets in Resources */ = {isa = PBXBuildFile; fileRef = 81156A152A4842450089C52D /* Assets.xcassets */; };
		81156A1A2A4842450089C52D /* Preview Assets.xcassets in Resources */ = {isa = PBXBuildFile; fileRef = 81156A192A4842450089C52D /* Preview Assets.xcassets */; };
		813925D52A4BFEC500E8BDE6 /* 2.jpg in Resources */ = {isa = PBXBuildFile; fileRef = 813925D22A4BFEC500E8BDE6 /* 2.jpg */; };
		813925D62A4BFEC500E8BDE6 /* 3.jpg in Resources */ = {isa = PBXBuildFile; fileRef = 813925D32A4BFEC500E8BDE6 /* 3.jpg */; };
		813925D72A4BFEC500E8BDE6 /* 1.jpg in Resources */ = {isa = PBXBuildFile; fileRef = 813925D42A4BFEC500E8BDE6 /* 1.jpg */; };
		813925EC2A4BFEEB00E8BDE6 /* TTextFieldDemoView.swift in Sources */ = {isa = PBXBuildFile; fileRef = 813925D82A4BFEEA00E8BDE6 /* TTextFieldDemoView.swift */; };
		813925ED2A4BFEEB00E8BDE6 /* FocusStateView.swift in Sources */ = {isa = PBXBuildFile; fileRef = 813925D92A4BFEEA00E8BDE6 /* FocusStateView.swift */; };
		813925EE2A4BFEEB00E8BDE6 /* AsyncImageView.swift in Sources */ = {isa = PBXBuildFile; fileRef = 813925DA2A4BFEEA00E8BDE6 /* AsyncImageView.swift */; };
		813925F02A4BFEEC00E8BDE6 /* BadgeView.swift in Sources */ = {isa = PBXBuildFile; fileRef = 813925DC2A4BFEEA00E8BDE6 /* BadgeView.swift */; };
		813925F12A4BFEEC00E8BDE6 /* SafeAreaPaddingView.swift in Sources */ = {isa = PBXBuildFile; fileRef = 813925DD2A4BFEEA00E8BDE6 /* SafeAreaPaddingView.swift */; };
		813925F22A4BFEEC00E8BDE6 /* NavigationStack.swift in Sources */ = {isa = PBXBuildFile; fileRef = 813925DE2A4BFEEA00E8BDE6 /* NavigationStack.swift */; };
		813925F32A4BFEEC00E8BDE6 /* Loading.swift in Sources */ = {isa = PBXBuildFile; fileRef = 813925DF2A4BFEEA00E8BDE6 /* Loading.swift */; };
		813925F42A4BFEEC00E8BDE6 /* ScrollsView.swift in Sources */ = {isa = PBXBuildFile; fileRef = 813925E02A4BFEEA00E8BDE6 /* ScrollsView.swift */; };
		813925F52A4BFEEC00E8BDE6 /* ShareLinkView.swift in Sources */ = {isa = PBXBuildFile; fileRef = 813925E12A4BFEEA00E8BDE6 /* ShareLinkView.swift */; };
		813925F62A4BFEEC00E8BDE6 /* SegmentStylesView.swift in Sources */ = {isa = PBXBuildFile; fileRef = 813925E22A4BFEEB00E8BDE6 /* SegmentStylesView.swift */; };
		813925F72A4BFEEC00E8BDE6 /* PresentationView.swift in Sources */ = {isa = PBXBuildFile; fileRef = 813925E32A4BFEEB00E8BDE6 /* PresentationView.swift */; };
		813925F82A4BFEEC00E8BDE6 /* DarkModelView.swift in Sources */ = {isa = PBXBuildFile; fileRef = 813925E42A4BFEEB00E8BDE6 /* DarkModelView.swift */; };
		813925FA2A4BFEEC00E8BDE6 /* Refresh.swift in Sources */ = {isa = PBXBuildFile; fileRef = 813925E62A4BFEEB00E8BDE6 /* Refresh.swift */; };
		813925FB2A4BFEEC00E8BDE6 /* OpenURLView.swift in Sources */ = {isa = PBXBuildFile; fileRef = 813925E72A4BFEEB00E8BDE6 /* OpenURLView.swift */; };
		813925FC2A4BFEEC00E8BDE6 /* Toast.swift in Sources */ = {isa = PBXBuildFile; fileRef = 813925E82A4BFEEB00E8BDE6 /* Toast.swift */; };
		813925FD2A4BFEEC00E8BDE6 /* BannerView.swift in Sources */ = {isa = PBXBuildFile; fileRef = 813925E92A4BFEEB00E8BDE6 /* BannerView.swift */; };
		813925FE2A4BFEEC00E8BDE6 /* AnimationCompleted.swift in Sources */ = {isa = PBXBuildFile; fileRef = 813925EA2A4BFEEB00E8BDE6 /* AnimationCompleted.swift */; };
		813925FF2A4BFEEC00E8BDE6 /* ScrollStackView.swift in Sources */ = {isa = PBXBuildFile; fileRef = 813925EB2A4BFEEB00E8BDE6 /* ScrollStackView.swift */; };
		8190720F2C9BC77B00510E3A /* TestWebView.swift in Sources */ = {isa = PBXBuildFile; fileRef = 8190720E2C9BC77B00510E3A /* TestWebView.swift */; };
		81DC0A022C9BC2D600BDDF3F /* Test.html in Resources */ = {isa = PBXBuildFile; fileRef = 81DC0A012C9BC2D600BDDF3F /* Test.html */; };
		81DC0A032C9BC4B900BDDF3F /* Test.html in Sources */ = {isa = PBXBuildFile; fileRef = 81DC0A012C9BC2D600BDDF3F /* Test.html */; };
		81F75BA52CA550AC006B17FB /* TestView.swift in Sources */ = {isa = PBXBuildFile; fileRef = 81F75BA42CA550AC006B17FB /* TestView.swift */; };
		81F969692A54216D0052619E /* AVFoundation.framework in Frameworks */ = {isa = PBXBuildFile; fileRef = 81F969682A54216D0052619E /* AVFoundation.framework */; settings = {ATTRIBUTES = (Weak, ); }; };
		81F9696B2A54217B0052619E /* libswiftAVFoundation.tbd in Frameworks */ = {isa = PBXBuildFile; fileRef = 81F9696A2A54217B0052619E /* libswiftAVFoundation.tbd */; settings = {ATTRIBUTES = (Weak, ); }; };
		8C0E3D342C3E23500090D8BF /* SecondDemoView.swift in Sources */ = {isa = PBXBuildFile; fileRef = 8C0E3D332C3E23500090D8BF /* SecondDemoView.swift */; };
		8C7411DA2C009F12009F7127 /* QuicklookView.swift in Sources */ = {isa = PBXBuildFile; fileRef = 8C7411D92C009F12009F7127 /* QuicklookView.swift */; };
		8C7513F12BDDE96100A3CA8D /* BrickKit in Frameworks */ = {isa = PBXBuildFile; productRef = 8C7513F02BDDE96100A3CA8D /* BrickKit */; };
		8C91274D2C2A6B180010A7FD /* GeometryDemo.swift in Sources */ = {isa = PBXBuildFile; fileRef = 8C91274C2C2A6B180010A7FD /* GeometryDemo.swift */; };
		8CB0E6612C0714810017A1EB /* giphy.gif in Resources */ = {isa = PBXBuildFile; fileRef = 8CB0E6602C0714810017A1EB /* giphy.gif */; };
		8CB0E6632C071BC70017A1EB /* 512.gif in Resources */ = {isa = PBXBuildFile; fileRef = 8CB0E6622C071BC70017A1EB /* 512.gif */; };
		8CDBF9FE2C461D2C00FC1110 /* ThirdDemoView.swift in Sources */ = {isa = PBXBuildFile; fileRef = 8CDBF9FD2C461D2C00FC1110 /* ThirdDemoView.swift */; };
		8CDBFA002C46292A00FC1110 /* UFOTabbarDemoView.swift in Sources */ = {isa = PBXBuildFile; fileRef = 8CDBF9FF2C46292A00FC1110 /* UFOTabbarDemoView.swift */; };
		8CDBFA022C462CE300FC1110 /* LaunchAppView.swift in Sources */ = {isa = PBXBuildFile; fileRef = 8CDBFA012C462CE300FC1110 /* LaunchAppView.swift */; };
		8CDBFA042C466A3200FC1110 /* LEDView.swift in Sources */ = {isa = PBXBuildFile; fileRef = 8CDBFA032C466A3200FC1110 /* LEDView.swift */; };
		8CE88EF62C3651B200765FC3 /* PageingScrollView.swift in Sources */ = {isa = PBXBuildFile; fileRef = 8CE88EF52C3651B200765FC3 /* PageingScrollView.swift */; };
/* End PBXBuildFile section */

/* Begin PBXFileReference section */
		60276C762CE4823F0071BAA9 /* FourthView.swift */ = {isa = PBXFileReference; lastKnownFileType = sourcecode.swift; path = FourthView.swift; sourceTree = "<group>"; };
		6079891B2ABC41B40029652F /* BrickBrickDemo-Info.plist */ = {isa = PBXFileReference; lastKnownFileType = text.plist; path = "BrickBrickDemo-Info.plist"; sourceTree = "<group>"; };
		608162742A5D8E360083DE04 /* DemoView.swift */ = {isa = PBXFileReference; lastKnownFileType = sourcecode.swift; path = DemoView.swift; sourceTree = "<group>"; };
		608162762A5D91660083DE04 /* TabbarView.swift */ = {isa = PBXFileReference; lastKnownFileType = sourcecode.swift; path = TabbarView.swift; sourceTree = "<group>"; };
		81156A0E2A4842430089C52D /* BrickBrickDemo.app */ = {isa = PBXFileReference; explicitFileType = wrapper.application; includeInIndex = 0; path = BrickBrickDemo.app; sourceTree = BUILT_PRODUCTS_DIR; };
		81156A112A4842430089C52D /* DemoApp.swift */ = {isa = PBXFileReference; lastKnownFileType = sourcecode.swift; path = DemoApp.swift; sourceTree = "<group>"; };
		81156A132A4842430089C52D /* ContentView.swift */ = {isa = PBXFileReference; lastKnownFileType = sourcecode.swift; path = ContentView.swift; sourceTree = "<group>"; };
		81156A152A4842450089C52D /* Assets.xcassets */ = {isa = PBXFileReference; lastKnownFileType = folder.assetcatalog; path = Assets.xcassets; sourceTree = "<group>"; };
		81156A172A4842450089C52D /* Demo.entitlements */ = {isa = PBXFileReference; lastKnownFileType = text.plist.entitlements; path = Demo.entitlements; sourceTree = "<group>"; };
		81156A192A4842450089C52D /* Preview Assets.xcassets */ = {isa = PBXFileReference; lastKnownFileType = folder.assetcatalog; path = "Preview Assets.xcassets"; sourceTree = "<group>"; };
		813925D22A4BFEC500E8BDE6 /* 2.jpg */ = {isa = PBXFileReference; lastKnownFileType = image.jpeg; path = 2.jpg; sourceTree = "<group>"; };
		813925D32A4BFEC500E8BDE6 /* 3.jpg */ = {isa = PBXFileReference; lastKnownFileType = image.jpeg; path = 3.jpg; sourceTree = "<group>"; };
		813925D42A4BFEC500E8BDE6 /* 1.jpg */ = {isa = PBXFileReference; lastKnownFileType = image.jpeg; path = 1.jpg; sourceTree = "<group>"; };
		813925D82A4BFEEA00E8BDE6 /* TTextFieldDemoView.swift */ = {isa = PBXFileReference; fileEncoding = 4; lastKnownFileType = sourcecode.swift; path = TTextFieldDemoView.swift; sourceTree = "<group>"; };
		813925D92A4BFEEA00E8BDE6 /* FocusStateView.swift */ = {isa = PBXFileReference; fileEncoding = 4; lastKnownFileType = sourcecode.swift; path = FocusStateView.swift; sourceTree = "<group>"; };
		813925DA2A4BFEEA00E8BDE6 /* AsyncImageView.swift */ = {isa = PBXFileReference; fileEncoding = 4; lastKnownFileType = sourcecode.swift; path = AsyncImageView.swift; sourceTree = "<group>"; };
		813925DC2A4BFEEA00E8BDE6 /* BadgeView.swift */ = {isa = PBXFileReference; fileEncoding = 4; lastKnownFileType = sourcecode.swift; path = BadgeView.swift; sourceTree = "<group>"; };
		813925DD2A4BFEEA00E8BDE6 /* SafeAreaPaddingView.swift */ = {isa = PBXFileReference; fileEncoding = 4; lastKnownFileType = sourcecode.swift; path = SafeAreaPaddingView.swift; sourceTree = "<group>"; };
		813925DE2A4BFEEA00E8BDE6 /* NavigationStack.swift */ = {isa = PBXFileReference; fileEncoding = 4; lastKnownFileType = sourcecode.swift; path = NavigationStack.swift; sourceTree = "<group>"; };
		813925DF2A4BFEEA00E8BDE6 /* Loading.swift */ = {isa = PBXFileReference; fileEncoding = 4; lastKnownFileType = sourcecode.swift; path = Loading.swift; sourceTree = "<group>"; };
		813925E02A4BFEEA00E8BDE6 /* ScrollsView.swift */ = {isa = PBXFileReference; fileEncoding = 4; lastKnownFileType = sourcecode.swift; path = ScrollsView.swift; sourceTree = "<group>"; };
		813925E12A4BFEEA00E8BDE6 /* ShareLinkView.swift */ = {isa = PBXFileReference; fileEncoding = 4; lastKnownFileType = sourcecode.swift; path = ShareLinkView.swift; sourceTree = "<group>"; };
		813925E22A4BFEEB00E8BDE6 /* SegmentStylesView.swift */ = {isa = PBXFileReference; fileEncoding = 4; lastKnownFileType = sourcecode.swift; path = SegmentStylesView.swift; sourceTree = "<group>"; };
		813925E32A4BFEEB00E8BDE6 /* PresentationView.swift */ = {isa = PBXFileReference; fileEncoding = 4; lastKnownFileType = sourcecode.swift; path = PresentationView.swift; sourceTree = "<group>"; };
		813925E42A4BFEEB00E8BDE6 /* DarkModelView.swift */ = {isa = PBXFileReference; fileEncoding = 4; lastKnownFileType = sourcecode.swift; path = DarkModelView.swift; sourceTree = "<group>"; };
		813925E62A4BFEEB00E8BDE6 /* Refresh.swift */ = {isa = PBXFileReference; fileEncoding = 4; lastKnownFileType = sourcecode.swift; path = Refresh.swift; sourceTree = "<group>"; };
		813925E72A4BFEEB00E8BDE6 /* OpenURLView.swift */ = {isa = PBXFileReference; fileEncoding = 4; lastKnownFileType = sourcecode.swift; path = OpenURLView.swift; sourceTree = "<group>"; };
		813925E82A4BFEEB00E8BDE6 /* Toast.swift */ = {isa = PBXFileReference; fileEncoding = 4; lastKnownFileType = sourcecode.swift; path = Toast.swift; sourceTree = "<group>"; };
		813925E92A4BFEEB00E8BDE6 /* BannerView.swift */ = {isa = PBXFileReference; fileEncoding = 4; lastKnownFileType = sourcecode.swift; path = BannerView.swift; sourceTree = "<group>"; };
		813925EA2A4BFEEB00E8BDE6 /* AnimationCompleted.swift */ = {isa = PBXFileReference; fileEncoding = 4; lastKnownFileType = sourcecode.swift; path = AnimationCompleted.swift; sourceTree = "<group>"; };
		813925EB2A4BFEEB00E8BDE6 /* ScrollStackView.swift */ = {isa = PBXFileReference; fileEncoding = 4; lastKnownFileType = sourcecode.swift; path = ScrollStackView.swift; sourceTree = "<group>"; };
		8190720E2C9BC77B00510E3A /* TestWebView.swift */ = {isa = PBXFileReference; lastKnownFileType = sourcecode.swift; path = TestWebView.swift; sourceTree = "<group>"; };
		81DC0A012C9BC2D600BDDF3F /* Test.html */ = {isa = PBXFileReference; lastKnownFileType = text.html; path = Test.html; sourceTree = "<group>"; };
		81F75BA42CA550AC006B17FB /* TestView.swift */ = {isa = PBXFileReference; lastKnownFileType = sourcecode.swift; path = TestView.swift; sourceTree = "<group>"; };
		81F969602A541E2C0052619E /* QuickLookUI.framework */ = {isa = PBXFileReference; lastKnownFileType = wrapper.framework; name = QuickLookUI.framework; path = System/Library/Frameworks/QuickLookUI.framework; sourceTree = SDKROOT; };
		81F969622A541E350052619E /* QuickLook.framework */ = {isa = PBXFileReference; lastKnownFileType = wrapper.framework; name = QuickLook.framework; path = Platforms/iPhoneOS.platform/Developer/SDKs/iPhoneOS16.2.sdk/System/Library/Frameworks/QuickLook.framework; sourceTree = DEVELOPER_DIR; };
		81F969642A541E3E0052619E /* QuickLookThumbnailing.framework */ = {isa = PBXFileReference; lastKnownFileType = wrapper.framework; name = QuickLookThumbnailing.framework; path = Platforms/iPhoneOS.platform/Developer/SDKs/iPhoneOS16.2.sdk/System/Library/Frameworks/QuickLookThumbnailing.framework; sourceTree = DEVELOPER_DIR; };
		81F969682A54216D0052619E /* AVFoundation.framework */ = {isa = PBXFileReference; lastKnownFileType = wrapper.framework; name = AVFoundation.framework; path = Platforms/iPhoneOS.platform/Developer/SDKs/iPhoneOS16.2.sdk/System/Library/Frameworks/AVFoundation.framework; sourceTree = DEVELOPER_DIR; };
		81F9696A2A54217B0052619E /* libswiftAVFoundation.tbd */ = {isa = PBXFileReference; lastKnownFileType = "sourcecode.text-based-dylib-definition"; name = libswiftAVFoundation.tbd; path = Platforms/iPhoneOS.platform/Developer/SDKs/iPhoneOS16.2.sdk/usr/lib/swift/libswiftAVFoundation.tbd; sourceTree = DEVELOPER_DIR; };
		81F9696C2A5421BE0052619E /* libswiftQuickLook.tbd */ = {isa = PBXFileReference; lastKnownFileType = "sourcecode.text-based-dylib-definition"; name = libswiftQuickLook.tbd; path = Platforms/iPhoneOS.platform/Developer/SDKs/iPhoneOS16.2.sdk/usr/lib/swift/libswiftQuickLook.tbd; sourceTree = DEVELOPER_DIR; };
		81F9696E2A5421CB0052619E /* libswiftQuickLookUI.tbd */ = {isa = PBXFileReference; lastKnownFileType = "sourcecode.text-based-dylib-definition"; name = libswiftQuickLookUI.tbd; path = usr/lib/swift/libswiftQuickLookUI.tbd; sourceTree = SDKROOT; };
		8C0E3D332C3E23500090D8BF /* SecondDemoView.swift */ = {isa = PBXFileReference; lastKnownFileType = sourcecode.swift; path = SecondDemoView.swift; sourceTree = "<group>"; };
		8C7411D92C009F12009F7127 /* QuicklookView.swift */ = {isa = PBXFileReference; fileEncoding = 4; lastKnownFileType = sourcecode.swift; path = QuicklookView.swift; sourceTree = "<group>"; };
		8C7513EF2BDDE95200A3CA8D /* Brick_SwiftUI */ = {isa = PBXFileReference; lastKnownFileType = wrapper; name = Brick_SwiftUI; path = ..; sourceTree = "<group>"; };
		8C91274C2C2A6B180010A7FD /* GeometryDemo.swift */ = {isa = PBXFileReference; lastKnownFileType = sourcecode.swift; path = GeometryDemo.swift; sourceTree = "<group>"; };
		8CB0E6602C0714810017A1EB /* giphy.gif */ = {isa = PBXFileReference; lastKnownFileType = image.gif; path = giphy.gif; sourceTree = "<group>"; };
		8CB0E6622C071BC70017A1EB /* 512.gif */ = {isa = PBXFileReference; lastKnownFileType = image.gif; path = 512.gif; sourceTree = "<group>"; };
		8CDBF9FD2C461D2C00FC1110 /* ThirdDemoView.swift */ = {isa = PBXFileReference; lastKnownFileType = sourcecode.swift; path = ThirdDemoView.swift; sourceTree = "<group>"; };
		8CDBF9FF2C46292A00FC1110 /* UFOTabbarDemoView.swift */ = {isa = PBXFileReference; lastKnownFileType = sourcecode.swift; path = UFOTabbarDemoView.swift; sourceTree = "<group>"; };
		8CDBFA012C462CE300FC1110 /* LaunchAppView.swift */ = {isa = PBXFileReference; lastKnownFileType = sourcecode.swift; path = LaunchAppView.swift; sourceTree = "<group>"; };
		8CDBFA032C466A3200FC1110 /* LEDView.swift */ = {isa = PBXFileReference; lastKnownFileType = sourcecode.swift; path = LEDView.swift; sourceTree = "<group>"; };
		8CE88EF52C3651B200765FC3 /* PageingScrollView.swift */ = {isa = PBXFileReference; lastKnownFileType = sourcecode.swift; path = PageingScrollView.swift; sourceTree = "<group>"; };
/* End PBXFileReference section */

/* Begin PBXFrameworksBuildPhase section */
		81156A0B2A4842430089C52D /* Frameworks */ = {
			isa = PBXFrameworksBuildPhase;
			buildActionMask = 2147483647;
			files = (
				81F9696B2A54217B0052619E /* libswiftAVFoundation.tbd in Frameworks */,
				81F969692A54216D0052619E /* AVFoundation.framework in Frameworks */,
				8C7513F12BDDE96100A3CA8D /* BrickKit in Frameworks */,
			);
			runOnlyForDeploymentPostprocessing = 0;
		};
/* End PBXFrameworksBuildPhase section */

/* Begin PBXGroup section */
		60C2C5CC2CF6C4D30004ABC4 /* TabView_ Usage */ = {
			isa = PBXGroup;
			children = (
				608162762A5D91660083DE04 /* TabbarView.swift */,
			);
			path = "TabView_ Usage";
			sourceTree = "<group>";
		};
		60C2C5CD2CF6C54F0004ABC4 /* NavigationStack_Usage */ = {
			isa = PBXGroup;
			children = (
				608162742A5D8E360083DE04 /* DemoView.swift */,
				813925DE2A4BFEEA00E8BDE6 /* NavigationStack.swift */,
			);
			path = NavigationStack_Usage;
			sourceTree = "<group>";
		};
		60C2C5CE2CF6C5B40004ABC4 /* UFOTabView */ = {
			isa = PBXGroup;
			children = (
				8CDBF9FF2C46292A00FC1110 /* UFOTabbarDemoView.swift */,
			);
			path = UFOTabView;
			sourceTree = "<group>";
		};
		60C2C5CF2CF6C5DA0004ABC4 /* withAnimation_Usage */ = {
			isa = PBXGroup;
			children = (
				813925EA2A4BFEEB00E8BDE6 /* AnimationCompleted.swift */,
			);
			path = withAnimation_Usage;
			sourceTree = "<group>";
		};
		60C2C5D02CF6C5ED0004ABC4 /* AsyncImage_Usage */ = {
			isa = PBXGroup;
			children = (
				813925DA2A4BFEEA00E8BDE6 /* AsyncImageView.swift */,
			);
			path = AsyncImage_Usage;
			sourceTree = "<group>";
		};
		60C2C5D12CF6C6040004ABC4 /* Badge_Usage */ = {
			isa = PBXGroup;
			children = (
				813925DC2A4BFEEA00E8BDE6 /* BadgeView.swift */,
			);
			path = Badge_Usage;
			sourceTree = "<group>";
		};
		60C2C5D22CF6C6200004ABC4 /* CarouselView_Usage */ = {
			isa = PBXGroup;
			children = (
				813925E92A4BFEEB00E8BDE6 /* BannerView.swift */,
			);
			path = CarouselView_Usage;
			sourceTree = "<group>";
		};
		60C2C5D32CF6C63B0004ABC4 /* ColorScheme_Usage */ = {
			isa = PBXGroup;
			children = (
				813925E42A4BFEEB00E8BDE6 /* DarkModelView.swift */,
			);
			path = ColorScheme_Usage;
			sourceTree = "<group>";
		};
		60C2C5D42CF6C6490004ABC4 /* FocusState_Usage */ = {
			isa = PBXGroup;
			children = (
				813925D92A4BFEEA00E8BDE6 /* FocusStateView.swift */,
			);
			path = FocusState_Usage;
			sourceTree = "<group>";
		};
		60C2C5D52CF6C67D0004ABC4 /* Loading_Usage */ = {
			isa = PBXGroup;
			children = (
				813925DF2A4BFEEA00E8BDE6 /* Loading.swift */,
			);
			path = Loading_Usage;
			sourceTree = "<group>";
		};
		60C2C5D62CF6C9B80004ABC4 /* OpenURL_Usage */ = {
			isa = PBXGroup;
			children = (
				813925E72A4BFEEB00E8BDE6 /* OpenURLView.swift */,
			);
			path = OpenURL_Usage;
			sourceTree = "<group>";
		};
		60C2C5D72CF6CB4D0004ABC4 /* Present_Usage */ = {
			isa = PBXGroup;
			children = (
				813925E32A4BFEEB00E8BDE6 /* PresentationView.swift */,
			);
			path = Present_Usage;
			sourceTree = "<group>";
		};
		60C2C5D82CF6CBC50004ABC4 /* Refresh_Usage */ = {
			isa = PBXGroup;
			children = (
				813925E62A4BFEEB00E8BDE6 /* Refresh.swift */,
			);
			path = Refresh_Usage;
			sourceTree = "<group>";
		};
		60C2C5D92CF6CC400004ABC4 /* SafeAreaPadding_Usage */ = {
			isa = PBXGroup;
			children = (
				813925DD2A4BFEEA00E8BDE6 /* SafeAreaPaddingView.swift */,
			);
			path = SafeAreaPadding_Usage;
			sourceTree = "<group>";
		};
		60C2C5DA2CF6CC5C0004ABC4 /* ScrollStack_Usage */ = {
			isa = PBXGroup;
			children = (
				813925EB2A4BFEEB00E8BDE6 /* ScrollStackView.swift */,
			);
			path = ScrollStack_Usage;
			sourceTree = "<group>";
		};
		60C2C5DB2CF6CC6E0004ABC4 /* Quicklook_Usage */ = {
			isa = PBXGroup;
			children = (
				8C7411D92C009F12009F7127 /* QuicklookView.swift */,
			);
			path = Quicklook_Usage;
			sourceTree = "<group>";
		};
		60C2C5DC2CF6CC890004ABC4 /* Scroll_Usage */ = {
			isa = PBXGroup;
			children = (
				813925E02A4BFEEA00E8BDE6 /* ScrollsView.swift */,
			);
			path = Scroll_Usage;
			sourceTree = "<group>";
		};
		60C2C5DD2CF6CC950004ABC4 /* ShareLink_Usage */ = {
			isa = PBXGroup;
			children = (
				813925E12A4BFEEA00E8BDE6 /* ShareLinkView.swift */,
			);
			path = ShareLink_Usage;
			sourceTree = "<group>";
		};
		60C2C5DE2CF6CCEF0004ABC4 /* Segment_Usage */ = {
			isa = PBXGroup;
			children = (
				813925E22A4BFEEB00E8BDE6 /* SegmentStylesView.swift */,
			);
			path = Segment_Usage;
			sourceTree = "<group>";
		};
		60C2C5DF2CF6CD640004ABC4 /* OnGeometryChange_Usage */ = {
			isa = PBXGroup;
			children = (
				8C91274C2C2A6B180010A7FD /* GeometryDemo.swift */,
			);
			path = OnGeometryChange_Usage;
			sourceTree = "<group>";
		};
		60C2C5E02CF6CE220004ABC4 /* PageScrollView_Usage */ = {
			isa = PBXGroup;
			children = (
				8CE88EF52C3651B200765FC3 /* PageingScrollView.swift */,
			);
			path = PageScrollView_Usage;
			sourceTree = "<group>";
		};
		60C2C5E12CF6CE390004ABC4 /* Toast_Usage */ = {
			isa = PBXGroup;
			children = (
				813925E82A4BFEEB00E8BDE6 /* Toast.swift */,
			);
			path = Toast_Usage;
			sourceTree = "<group>";
		};
		60C2C5E22CF6CE490004ABC4 /* TTextField_Usage */ = {
			isa = PBXGroup;
			children = (
				813925D82A4BFEEA00E8BDE6 /* TTextFieldDemoView.swift */,
			);
			path = TTextField_Usage;
			sourceTree = "<group>";
		};
		60C2C5E32CF6CE5C0004ABC4 /* WebView_JSHand_Usage */ = {
			isa = PBXGroup;
			children = (
				81DC0A012C9BC2D600BDDF3F /* Test.html */,
				8190720E2C9BC77B00510E3A /* TestWebView.swift */,
			);
			path = WebView_JSHand_Usage;
			sourceTree = "<group>";
		};
		60C2C5E42CF6CEBC0004ABC4 /* LED */ = {
			isa = PBXGroup;
			children = (
				8CDBFA032C466A3200FC1110 /* LEDView.swift */,
			);
			path = LED;
			sourceTree = "<group>";
		};
		60C2C5E52CF6CED20004ABC4 /* Launch */ = {
			isa = PBXGroup;
			children = (
				8CDBFA012C462CE300FC1110 /* LaunchAppView.swift */,
			);
			path = Launch;
			sourceTree = "<group>";
		};
		60C2C5E62CF6CEEE0004ABC4 /* AutoHeightTextEditor_Usage */ = {
			isa = PBXGroup;
			children = (
				81F75BA42CA550AC006B17FB /* TestView.swift */,
			);
			path = AutoHeightTextEditor_Usage;
			sourceTree = "<group>";
		};
		60C2C5E72CF6CF050004ABC4 /* FloatingButton */ = {
			isa = PBXGroup;
			children = (
				8C0E3D332C3E23500090D8BF /* SecondDemoView.swift */,
			);
			path = FloatingButton;
			sourceTree = "<group>";
		};
		60C2C5E82CF6CF230004ABC4 /* GradientBorder */ = {
			isa = PBXGroup;
			children = (
				8CDBF9FD2C461D2C00FC1110 /* ThirdDemoView.swift */,
			);
			path = GradientBorder;
			sourceTree = "<group>";
		};
		60C2C5E92CF6CF410004ABC4 /* VideoPlayer */ = {
			isa = PBXGroup;
			children = (
				60276C762CE4823F0071BAA9 /* FourthView.swift */,
			);
			path = VideoPlayer;
			sourceTree = "<group>";
		};
		81156A052A4842430089C52D = {
			isa = PBXGroup;
			children = (
				8C7513EF2BDDE95200A3CA8D /* Brick_SwiftUI */,
				6079891B2ABC41B40029652F /* BrickBrickDemo-Info.plist */,
				81156A102A4842430089C52D /* Demo */,
				81156A0F2A4842430089C52D /* Products */,
				817C5AFB2A4C055400389E05 /* Frameworks */,
			);
			sourceTree = "<group>";
		};
		81156A0F2A4842430089C52D /* Products */ = {
			isa = PBXGroup;
			children = (
				81156A0E2A4842430089C52D /* BrickBrickDemo.app */,
			);
			name = Products;
			sourceTree = "<group>";
		};
		81156A102A4842430089C52D /* Demo */ = {
			isa = PBXGroup;
			children = (
				813925D12A4BFEC500E8BDE6 /* Images */,
				81156A112A4842430089C52D /* DemoApp.swift */,
				81156A132A4842430089C52D /* ContentView.swift */,
				60C2C5CD2CF6C54F0004ABC4 /* NavigationStack_Usage */,
				60C2C5CC2CF6C4D30004ABC4 /* TabView_ Usage */,
				60C2C5E72CF6CF050004ABC4 /* FloatingButton */,
				60C2C5E82CF6CF230004ABC4 /* GradientBorder */,
				60C2C5E92CF6CF410004ABC4 /* VideoPlayer */,
				60C2C5CE2CF6C5B40004ABC4 /* UFOTabView */,
				60C2C5CF2CF6C5DA0004ABC4 /* withAnimation_Usage */,
				60C2C5D02CF6C5ED0004ABC4 /* AsyncImage_Usage */,
				60C2C5D12CF6C6040004ABC4 /* Badge_Usage */,
				60C2C5D22CF6C6200004ABC4 /* CarouselView_Usage */,
				60C2C5D32CF6C63B0004ABC4 /* ColorScheme_Usage */,
				60C2C5D42CF6C6490004ABC4 /* FocusState_Usage */,
				60C2C5D52CF6C67D0004ABC4 /* Loading_Usage */,
				60C2C5D62CF6C9B80004ABC4 /* OpenURL_Usage */,
				60C2C5D72CF6CB4D0004ABC4 /* Present_Usage */,
				60C2C5D82CF6CBC50004ABC4 /* Refresh_Usage */,
				60C2C5D92CF6CC400004ABC4 /* SafeAreaPadding_Usage */,
				60C2C5DA2CF6CC5C0004ABC4 /* ScrollStack_Usage */,
				60C2C5DB2CF6CC6E0004ABC4 /* Quicklook_Usage */,
				60C2C5DC2CF6CC890004ABC4 /* Scroll_Usage */,
				60C2C5DD2CF6CC950004ABC4 /* ShareLink_Usage */,
				60C2C5DE2CF6CCEF0004ABC4 /* Segment_Usage */,
				60C2C5DF2CF6CD640004ABC4 /* OnGeometryChange_Usage */,
				60C2C5E02CF6CE220004ABC4 /* PageScrollView_Usage */,
				60C2C5E12CF6CE390004ABC4 /* Toast_Usage */,
				60C2C5E22CF6CE490004ABC4 /* TTextField_Usage */,
				60C2C5E32CF6CE5C0004ABC4 /* WebView_JSHand_Usage */,
				60C2C5E42CF6CEBC0004ABC4 /* LED */,
				60C2C5E52CF6CED20004ABC4 /* Launch */,
				60C2C5E62CF6CEEE0004ABC4 /* AutoHeightTextEditor_Usage */,
				81156A152A4842450089C52D /* Assets.xcassets */,
				81156A172A4842450089C52D /* Demo.entitlements */,
				81156A182A4842450089C52D /* Preview Content */,
			);
			path = Demo;
			sourceTree = "<group>";
		};
		81156A182A4842450089C52D /* Preview Content */ = {
			isa = PBXGroup;
			children = (
				81156A192A4842450089C52D /* Preview Assets.xcassets */,
			);
			path = "Preview Content";
			sourceTree = "<group>";
		};
		813925D12A4BFEC500E8BDE6 /* Images */ = {
			isa = PBXGroup;
			children = (
				8CB0E6622C071BC70017A1EB /* 512.gif */,
				813925D42A4BFEC500E8BDE6 /* 1.jpg */,
				813925D22A4BFEC500E8BDE6 /* 2.jpg */,
				8CB0E6602C0714810017A1EB /* giphy.gif */,
				813925D32A4BFEC500E8BDE6 /* 3.jpg */,
			);
			path = Images;
			sourceTree = "<group>";
		};
		817C5AFB2A4C055400389E05 /* Frameworks */ = {
			isa = PBXGroup;
			children = (
				81F9696E2A5421CB0052619E /* libswiftQuickLookUI.tbd */,
				81F9696C2A5421BE0052619E /* libswiftQuickLook.tbd */,
				81F9696A2A54217B0052619E /* libswiftAVFoundation.tbd */,
				81F969682A54216D0052619E /* AVFoundation.framework */,
				81F969642A541E3E0052619E /* QuickLookThumbnailing.framework */,
				81F969622A541E350052619E /* QuickLook.framework */,
				81F969602A541E2C0052619E /* QuickLookUI.framework */,
			);
			name = Frameworks;
			sourceTree = "<group>";
		};
/* End PBXGroup section */

/* Begin PBXNativeTarget section */
		81156A0D2A4842430089C52D /* BrickBrickDemo */ = {
			isa = PBXNativeTarget;
			buildConfigurationList = 81156A1D2A4842450089C52D /* Build configuration list for PBXNativeTarget "BrickBrickDemo" */;
			buildPhases = (
				81156A0A2A4842430089C52D /* Sources */,
				81156A0B2A4842430089C52D /* Frameworks */,
				81156A0C2A4842430089C52D /* Resources */,
			);
			buildRules = (
			);
			dependencies = (
			);
			name = BrickBrickDemo;
			packageProductDependencies = (
				8C7513F02BDDE96100A3CA8D /* BrickKit */,
			);
			productName = Demo;
			productReference = 81156A0E2A4842430089C52D /* BrickBrickDemo.app */;
			productType = "com.apple.product-type.application";
		};
/* End PBXNativeTarget section */

/* Begin PBXProject section */
		81156A062A4842430089C52D /* Project object */ = {
			isa = PBXProject;
			attributes = {
				BuildIndependentTargetsInParallel = 1;
				LastSwiftUpdateCheck = 1420;
				LastUpgradeCheck = 1420;
				TargetAttributes = {
					81156A0D2A4842430089C52D = {
						CreatedOnToolsVersion = 14.2;
					};
				};
			};
			buildConfigurationList = 81156A092A4842430089C52D /* Build configuration list for PBXProject "BrickDemo" */;
			compatibilityVersion = "Xcode 14.0";
			developmentRegion = en;
			hasScannedForEncodings = 0;
			knownRegions = (
				en,
				Base,
			);
			mainGroup = 81156A052A4842430089C52D;
			packageReferences = (
			);
			productRefGroup = 81156A0F2A4842430089C52D /* Products */;
			projectDirPath = "";
			projectRoot = "";
			targets = (
				81156A0D2A4842430089C52D /* BrickBrickDemo */,
			);
		};
/* End PBXProject section */

/* Begin PBXResourcesBuildPhase section */
		81156A0C2A4842430089C52D /* Resources */ = {
			isa = PBXResourcesBuildPhase;
			buildActionMask = 2147483647;
			files = (
				813925D52A4BFEC500E8BDE6 /* 2.jpg in Resources */,
				8CB0E6632C071BC70017A1EB /* 512.gif in Resources */,
				81156A1A2A4842450089C52D /* Preview Assets.xcassets in Resources */,
				81156A162A4842450089C52D /* Assets.xcassets in Resources */,
				81DC0A022C9BC2D600BDDF3F /* Test.html in Resources */,
				813925D62A4BFEC500E8BDE6 /* 3.jpg in Resources */,
				8CB0E6612C0714810017A1EB /* giphy.gif in Resources */,
				813925D72A4BFEC500E8BDE6 /* 1.jpg in Resources */,
			);
			runOnlyForDeploymentPostprocessing = 0;
		};
/* End PBXResourcesBuildPhase section */

/* Begin PBXSourcesBuildPhase section */
		81156A0A2A4842430089C52D /* Sources */ = {
			isa = PBXSourcesBuildPhase;
			buildActionMask = 2147483647;
			files = (
				81DC0A032C9BC4B900BDDF3F /* Test.html in Sources */,
				813925FD2A4BFEEC00E8BDE6 /* BannerView.swift in Sources */,
				813925F62A4BFEEC00E8BDE6 /* SegmentStylesView.swift in Sources */,
				8C7411DA2C009F12009F7127 /* QuicklookView.swift in Sources */,
				813925F82A4BFEEC00E8BDE6 /* DarkModelView.swift in Sources */,
				8190720F2C9BC77B00510E3A /* TestWebView.swift in Sources */,
				813925F42A4BFEEC00E8BDE6 /* ScrollsView.swift in Sources */,
				813925FC2A4BFEEC00E8BDE6 /* Toast.swift in Sources */,
				81156A142A4842430089C52D /* ContentView.swift in Sources */,
				813925FB2A4BFEEC00E8BDE6 /* OpenURLView.swift in Sources */,
				8C0E3D342C3E23500090D8BF /* SecondDemoView.swift in Sources */,
				813925FA2A4BFEEC00E8BDE6 /* Refresh.swift in Sources */,
				813925F02A4BFEEC00E8BDE6 /* BadgeView.swift in Sources */,
				813925F72A4BFEEC00E8BDE6 /* PresentationView.swift in Sources */,
				813925FF2A4BFEEC00E8BDE6 /* ScrollStackView.swift in Sources */,
				813925F32A4BFEEC00E8BDE6 /* Loading.swift in Sources */,
				813925EC2A4BFEEB00E8BDE6 /* TTextFieldDemoView.swift in Sources */,
				81156A122A4842430089C52D /* DemoApp.swift in Sources */,
				813925FE2A4BFEEC00E8BDE6 /* AnimationCompleted.swift in Sources */,
				8CDBF9FE2C461D2C00FC1110 /* ThirdDemoView.swift in Sources */,
				813925EE2A4BFEEB00E8BDE6 /* AsyncImageView.swift in Sources */,
				8CDBFA022C462CE300FC1110 /* LaunchAppView.swift in Sources */,
				8CDBFA002C46292A00FC1110 /* UFOTabbarDemoView.swift in Sources */,
				608162772A5D91660083DE04 /* TabbarView.swift in Sources */,
				81F75BA52CA550AC006B17FB /* TestView.swift in Sources */,
				8CDBFA042C466A3200FC1110 /* LEDView.swift in Sources */,
				813925F12A4BFEEC00E8BDE6 /* SafeAreaPaddingView.swift in Sources */,
				608162752A5D8E360083DE04 /* DemoView.swift in Sources */,
				813925F22A4BFEEC00E8BDE6 /* NavigationStack.swift in Sources */,
				813925F52A4BFEEC00E8BDE6 /* ShareLinkView.swift in Sources */,
				8C91274D2C2A6B180010A7FD /* GeometryDemo.swift in Sources */,
				8CE88EF62C3651B200765FC3 /* PageingScrollView.swift in Sources */,
				60276C772CE4823F0071BAA9 /* FourthView.swift in Sources */,
				813925ED2A4BFEEB00E8BDE6 /* FocusStateView.swift in Sources */,
			);
			runOnlyForDeploymentPostprocessing = 0;
		};
/* End PBXSourcesBuildPhase section */

/* Begin XCBuildConfiguration section */
		81156A1B2A4842450089C52D /* Debug */ = {
			isa = XCBuildConfiguration;
			buildSettings = {
				ALWAYS_SEARCH_USER_PATHS = NO;
				CLANG_ANALYZER_NONNULL = YES;
				CLANG_ANALYZER_NUMBER_OBJECT_CONVERSION = YES_AGGRESSIVE;
				CLANG_CXX_LANGUAGE_STANDARD = "gnu++20";
				CLANG_ENABLE_MODULES = YES;
				CLANG_ENABLE_OBJC_ARC = YES;
				CLANG_ENABLE_OBJC_WEAK = YES;
				CLANG_WARN_BLOCK_CAPTURE_AUTORELEASING = YES;
				CLANG_WARN_BOOL_CONVERSION = YES;
				CLANG_WARN_COMMA = YES;
				CLANG_WARN_CONSTANT_CONVERSION = YES;
				CLANG_WARN_DEPRECATED_OBJC_IMPLEMENTATIONS = YES;
				CLANG_WARN_DIRECT_OBJC_ISA_USAGE = YES_ERROR;
				CLANG_WARN_DOCUMENTATION_COMMENTS = YES;
				CLANG_WARN_EMPTY_BODY = YES;
				CLANG_WARN_ENUM_CONVERSION = YES;
				CLANG_WARN_INFINITE_RECURSION = YES;
				CLANG_WARN_INT_CONVERSION = YES;
				CLANG_WARN_NON_LITERAL_NULL_CONVERSION = YES;
				CLANG_WARN_OBJC_IMPLICIT_RETAIN_SELF = YES;
				CLANG_WARN_OBJC_LITERAL_CONVERSION = YES;
				CLANG_WARN_OBJC_ROOT_CLASS = YES_ERROR;
				CLANG_WARN_QUOTED_INCLUDE_IN_FRAMEWORK_HEADER = YES;
				CLANG_WARN_RANGE_LOOP_ANALYSIS = YES;
				CLANG_WARN_STRICT_PROTOTYPES = YES;
				CLANG_WARN_SUSPICIOUS_MOVE = YES;
				CLANG_WARN_UNGUARDED_AVAILABILITY = YES_AGGRESSIVE;
				CLANG_WARN_UNREACHABLE_CODE = YES;
				CLANG_WARN__DUPLICATE_METHOD_MATCH = YES;
				COPY_PHASE_STRIP = NO;
				DEBUG_INFORMATION_FORMAT = dwarf;
				ENABLE_STRICT_OBJC_MSGSEND = YES;
				ENABLE_TESTABILITY = YES;
				GCC_C_LANGUAGE_STANDARD = gnu11;
				GCC_DYNAMIC_NO_PIC = NO;
				GCC_NO_COMMON_BLOCKS = YES;
				GCC_OPTIMIZATION_LEVEL = 0;
				GCC_PREPROCESSOR_DEFINITIONS = (
					"DEBUG=1",
					"$(inherited)",
				);
				GCC_WARN_64_TO_32_BIT_CONVERSION = YES;
				GCC_WARN_ABOUT_RETURN_TYPE = YES_ERROR;
				GCC_WARN_UNDECLARED_SELECTOR = YES;
				GCC_WARN_UNINITIALIZED_AUTOS = YES_AGGRESSIVE;
				GCC_WARN_UNUSED_FUNCTION = YES;
				GCC_WARN_UNUSED_VARIABLE = YES;
				IPHONEOS_DEPLOYMENT_TARGET = 15.0;
				MACOSX_DEPLOYMENT_TARGET = 12.0;
				MTL_ENABLE_DEBUG_INFO = INCLUDE_SOURCE;
				MTL_FAST_MATH = YES;
				ONLY_ACTIVE_ARCH = YES;
				SWIFT_ACTIVE_COMPILATION_CONDITIONS = DEBUG;
				SWIFT_OPTIMIZATION_LEVEL = "-Onone";
				SWIFT_VERSION = 6.0;
				TVOS_DEPLOYMENT_TARGET = 15.0;
				XROS_DEPLOYMENT_TARGET = 1.0;
			};
			name = Debug;
		};
		81156A1C2A4842450089C52D /* Release */ = {
			isa = XCBuildConfiguration;
			buildSettings = {
				ALWAYS_SEARCH_USER_PATHS = NO;
				CLANG_ANALYZER_NONNULL = YES;
				CLANG_ANALYZER_NUMBER_OBJECT_CONVERSION = YES_AGGRESSIVE;
				CLANG_CXX_LANGUAGE_STANDARD = "gnu++20";
				CLANG_ENABLE_MODULES = YES;
				CLANG_ENABLE_OBJC_ARC = YES;
				CLANG_ENABLE_OBJC_WEAK = YES;
				CLANG_WARN_BLOCK_CAPTURE_AUTORELEASING = YES;
				CLANG_WARN_BOOL_CONVERSION = YES;
				CLANG_WARN_COMMA = YES;
				CLANG_WARN_CONSTANT_CONVERSION = YES;
				CLANG_WARN_DEPRECATED_OBJC_IMPLEMENTATIONS = YES;
				CLANG_WARN_DIRECT_OBJC_ISA_USAGE = YES_ERROR;
				CLANG_WARN_DOCUMENTATION_COMMENTS = YES;
				CLANG_WARN_EMPTY_BODY = YES;
				CLANG_WARN_ENUM_CONVERSION = YES;
				CLANG_WARN_INFINITE_RECURSION = YES;
				CLANG_WARN_INT_CONVERSION = YES;
				CLANG_WARN_NON_LITERAL_NULL_CONVERSION = YES;
				CLANG_WARN_OBJC_IMPLICIT_RETAIN_SELF = YES;
				CLANG_WARN_OBJC_LITERAL_CONVERSION = YES;
				CLANG_WARN_OBJC_ROOT_CLASS = YES_ERROR;
				CLANG_WARN_QUOTED_INCLUDE_IN_FRAMEWORK_HEADER = YES;
				CLANG_WARN_RANGE_LOOP_ANALYSIS = YES;
				CLANG_WARN_STRICT_PROTOTYPES = YES;
				CLANG_WARN_SUSPICIOUS_MOVE = YES;
				CLANG_WARN_UNGUARDED_AVAILABILITY = YES_AGGRESSIVE;
				CLANG_WARN_UNREACHABLE_CODE = YES;
				CLANG_WARN__DUPLICATE_METHOD_MATCH = YES;
				COPY_PHASE_STRIP = NO;
				DEBUG_INFORMATION_FORMAT = "dwarf-with-dsym";
				ENABLE_NS_ASSERTIONS = NO;
				ENABLE_STRICT_OBJC_MSGSEND = YES;
				GCC_C_LANGUAGE_STANDARD = gnu11;
				GCC_NO_COMMON_BLOCKS = YES;
				GCC_WARN_64_TO_32_BIT_CONVERSION = YES;
				GCC_WARN_ABOUT_RETURN_TYPE = YES_ERROR;
				GCC_WARN_UNDECLARED_SELECTOR = YES;
				GCC_WARN_UNINITIALIZED_AUTOS = YES_AGGRESSIVE;
				GCC_WARN_UNUSED_FUNCTION = YES;
				GCC_WARN_UNUSED_VARIABLE = YES;
				IPHONEOS_DEPLOYMENT_TARGET = 15.0;
				MACOSX_DEPLOYMENT_TARGET = 12.0;
				MTL_ENABLE_DEBUG_INFO = NO;
				MTL_FAST_MATH = YES;
				SWIFT_COMPILATION_MODE = wholemodule;
				SWIFT_OPTIMIZATION_LEVEL = "-O";
				SWIFT_VERSION = 6.0;
				TVOS_DEPLOYMENT_TARGET = 15.0;
				XROS_DEPLOYMENT_TARGET = 1.0;
			};
			name = Release;
		};
		81156A1E2A4842450089C52D /* Debug */ = {
			isa = XCBuildConfiguration;
			buildSettings = {
				ASSETCATALOG_COMPILER_APPICON_NAME = AppIcon;
				ASSETCATALOG_COMPILER_GLOBAL_ACCENT_COLOR_NAME = AccentColor;
				CODE_SIGN_ENTITLEMENTS = Demo/Demo.entitlements;
				CODE_SIGN_STYLE = Automatic;
				CURRENT_PROJECT_VERSION = 1;
				DEVELOPMENT_ASSET_PATHS = "\"Demo/Preview Content\"";
				DEVELOPMENT_TEAM = TH94W5U564;
				ENABLE_HARDENED_RUNTIME = YES;
				ENABLE_PREVIEWS = YES;
				GENERATE_INFOPLIST_FILE = YES;
				INFOPLIST_FILE = "BrickBrickDemo-Info.plist";
				INFOPLIST_KEY_NSCameraUsageDescription = "";
				INFOPLIST_KEY_NSPhotoLibraryUsageDescription = "Capture requires the access to the photo library to store pictures you took.";
				"INFOPLIST_KEY_UIApplicationSceneManifest_Generation[sdk=iphoneos*]" = YES;
				"INFOPLIST_KEY_UIApplicationSceneManifest_Generation[sdk=iphonesimulator*]" = YES;
				"INFOPLIST_KEY_UIApplicationSupportsIndirectInputEvents[sdk=iphoneos*]" = YES;
				"INFOPLIST_KEY_UIApplicationSupportsIndirectInputEvents[sdk=iphonesimulator*]" = YES;
				"INFOPLIST_KEY_UILaunchScreen_Generation[sdk=iphoneos*]" = YES;
				"INFOPLIST_KEY_UILaunchScreen_Generation[sdk=iphonesimulator*]" = YES;
				"INFOPLIST_KEY_UIStatusBarStyle[sdk=iphoneos*]" = UIStatusBarStyleDefault;
				"INFOPLIST_KEY_UIStatusBarStyle[sdk=iphonesimulator*]" = UIStatusBarStyleDefault;
				INFOPLIST_KEY_UISupportedInterfaceOrientations = "UIInterfaceOrientationLandscapeLeft UIInterfaceOrientationLandscapeRight UIInterfaceOrientationPortrait";
				INFOPLIST_KEY_UISupportedInterfaceOrientations_iPad = "UIInterfaceOrientationLandscapeLeft UIInterfaceOrientationLandscapeRight UIInterfaceOrientationPortrait UIInterfaceOrientationPortraitUpsideDown";
				IPHONEOS_DEPLOYMENT_TARGET = 15.0;
				LD_RUNPATH_SEARCH_PATHS = "@executable_path/Frameworks";
				"LD_RUNPATH_SEARCH_PATHS[sdk=macosx*]" = "@executable_path/../Frameworks";
				LIBRARY_SEARCH_PATHS = (
					"$(inherited)",
					"$(SDKROOT)/usr/lib/swift",
				);
				MACOSX_DEPLOYMENT_TARGET = 12.0;
				MARKETING_VERSION = 1.0;
				PRODUCT_BUNDLE_IDENTIFIER = com.hu.app.Demo;
				PRODUCT_NAME = "$(TARGET_NAME)";
				SDKROOT = auto;
				SUPPORTED_PLATFORMS = "appletvos appletvsimulator iphoneos iphonesimulator macosx xros xrsimulator";
				SUPPORTS_MACCATALYST = NO;
				SUPPORTS_MAC_DESIGNED_FOR_IPHONE_IPAD = NO;
				SWIFT_EMIT_LOC_STRINGS = YES;
				SWIFT_VERSION = 6.0;
				TARGETED_DEVICE_FAMILY = "1,2,3,7";
				TVOS_DEPLOYMENT_TARGET = 15.0;
				XROS_DEPLOYMENT_TARGET = 1.0;
			};
			name = Debug;
		};
		81156A1F2A4842450089C52D /* Release */ = {
			isa = XCBuildConfiguration;
			buildSettings = {
				ASSETCATALOG_COMPILER_APPICON_NAME = AppIcon;
				ASSETCATALOG_COMPILER_GLOBAL_ACCENT_COLOR_NAME = AccentColor;
				CODE_SIGN_ENTITLEMENTS = Demo/Demo.entitlements;
				CODE_SIGN_STYLE = Automatic;
				CURRENT_PROJECT_VERSION = 1;
				DEVELOPMENT_ASSET_PATHS = "\"Demo/Preview Content\"";
				DEVELOPMENT_TEAM = TH94W5U564;
				ENABLE_HARDENED_RUNTIME = YES;
				ENABLE_PREVIEWS = YES;
				GENERATE_INFOPLIST_FILE = YES;
				INFOPLIST_FILE = "BrickBrickDemo-Info.plist";
				INFOPLIST_KEY_NSCameraUsageDescription = "";
				INFOPLIST_KEY_NSPhotoLibraryUsageDescription = "Capture requires the access to the photo library to store pictures you took.";
				"INFOPLIST_KEY_UIApplicationSceneManifest_Generation[sdk=iphoneos*]" = YES;
				"INFOPLIST_KEY_UIApplicationSceneManifest_Generation[sdk=iphonesimulator*]" = YES;
				"INFOPLIST_KEY_UIApplicationSupportsIndirectInputEvents[sdk=iphoneos*]" = YES;
				"INFOPLIST_KEY_UIApplicationSupportsIndirectInputEvents[sdk=iphonesimulator*]" = YES;
				"INFOPLIST_KEY_UILaunchScreen_Generation[sdk=iphoneos*]" = YES;
				"INFOPLIST_KEY_UILaunchScreen_Generation[sdk=iphonesimulator*]" = YES;
				"INFOPLIST_KEY_UIStatusBarStyle[sdk=iphoneos*]" = UIStatusBarStyleDefault;
				"INFOPLIST_KEY_UIStatusBarStyle[sdk=iphonesimulator*]" = UIStatusBarStyleDefault;
				INFOPLIST_KEY_UISupportedInterfaceOrientations = "UIInterfaceOrientationLandscapeLeft UIInterfaceOrientationLandscapeRight UIInterfaceOrientationPortrait";
				INFOPLIST_KEY_UISupportedInterfaceOrientations_iPad = "UIInterfaceOrientationLandscapeLeft UIInterfaceOrientationLandscapeRight UIInterfaceOrientationPortrait UIInterfaceOrientationPortraitUpsideDown";
				IPHONEOS_DEPLOYMENT_TARGET = 15.0;
				LD_RUNPATH_SEARCH_PATHS = "@executable_path/Frameworks";
				"LD_RUNPATH_SEARCH_PATHS[sdk=macosx*]" = "@executable_path/../Frameworks";
				LIBRARY_SEARCH_PATHS = (
					"$(inherited)",
					"$(SDKROOT)/usr/lib/swift",
				);
				MACOSX_DEPLOYMENT_TARGET = 12.0;
				MARKETING_VERSION = 1.0;
				PRODUCT_BUNDLE_IDENTIFIER = com.hu.app.Demo;
				PRODUCT_NAME = "$(TARGET_NAME)";
				SDKROOT = auto;
				SUPPORTED_PLATFORMS = "appletvos appletvsimulator iphoneos iphonesimulator macosx xros xrsimulator";
				SUPPORTS_MACCATALYST = NO;
				SUPPORTS_MAC_DESIGNED_FOR_IPHONE_IPAD = NO;
				SWIFT_EMIT_LOC_STRINGS = YES;
				SWIFT_VERSION = 6.0;
				TARGETED_DEVICE_FAMILY = "1,2,3,7";
				TVOS_DEPLOYMENT_TARGET = 15.0;
				XROS_DEPLOYMENT_TARGET = 1.0;
			};
			name = Release;
		};
/* End XCBuildConfiguration section */

/* Begin XCConfigurationList section */
		81156A092A4842430089C52D /* Build configuration list for PBXProject "BrickDemo" */ = {
			isa = XCConfigurationList;
			buildConfigurations = (
				81156A1B2A4842450089C52D /* Debug */,
				81156A1C2A4842450089C52D /* Release */,
			);
			defaultConfigurationIsVisible = 0;
			defaultConfigurationName = Release;
		};
		81156A1D2A4842450089C52D /* Build configuration list for PBXNativeTarget "BrickBrickDemo" */ = {
			isa = XCConfigurationList;
			buildConfigurations = (
				81156A1E2A4842450089C52D /* Debug */,
				81156A1F2A4842450089C52D /* Release */,
			);
			defaultConfigurationIsVisible = 0;
			defaultConfigurationName = Release;
		};
/* End XCConfigurationList section */

/* Begin XCSwiftPackageProductDependency section */
		8C7513F02BDDE96100A3CA8D /* BrickKit */ = {
			isa = XCSwiftPackageProductDependency;
			productName = BrickKit;
		};
/* End XCSwiftPackageProductDependency section */
	};
	rootObject = 81156A062A4842430089C52D /* Project object */;
}
